
Microsoft Visual Studio Solution File, Format Version 12.00
# Visual Studio Version 16
VisualStudioVersion = 16.0.30611.23
MinimumVisualStudioVersion = 10.0.40219.1
Project("{FAE04EC0-301F-11D3-BF4B-00C04F79EFBC}") = "GetMaximum", "GetMaximum.csproj", "{116A3C40-1134-4E78-9011-51093694E473}"
EndProject
Project("{FAE04EC0-301F-11D3-BF4B-00C04F79EFBC}") = "GetMaximumTest", "..\GetMaximumTest\GetMaximumTest.csproj", "{EF3A9630-B393-4C57-99C3-581D77A83652}"
EndProject
Global
	GlobalSection(SolutionConfigurationPlatforms) = preSolution
		Debug|Any CPU = Debug|Any CPU
		Release|Any CPU = Release|Any CPU
	EndGlobalSection
	GlobalSection(ProjectConfigurationPlatforms) = postSolution
		{116A3C40-1134-4E78-9011-51093694E473}.Debug|Any CPU.ActiveCfg = Debug|Any CPU
		{116A3C40-1134-4E78-9011-51093694E473}.Debug|Any CPU.Build.0 = Debug|Any CPU
		{116A3C40-1134-4E78-9011-51093694E473}.Release|Any CPU.ActiveCfg = Release|Any CPU
		{116A3C40-1134-4E78-9011-51093694E473}.Release|Any CPU.Build.0 = Release|Any CPU
		{EF3A9630-B393-4C57-99C3-581D77A83652}.Debug|Any CPU.ActiveCfg = Debug|Any CPU
		{EF3A9630-B393-4C57-99C3-581D77A83652}.Debug|Any CPU.Build.0 = Debug|Any CPU
		{EF3A9630-B393-4C57-99C3-581D77A83652}.Release|Any CPU.ActiveCfg = Release|Any CPU
		{EF3A9630-B393-4C57-99C3-581D77A83652}.Release|Any CPU.Build.0 = Release|Any CPU
	EndGlobalSection
	GlobalSection(SolutionProperties) = preSolution
		HideSolutionNode = FALSE
	EndGlobalSection
	GlobalSection(ExtensibilityGlobals) = postSolution
		SolutionGuid = {0EA3FC30-8E59-4E89-A2AF-011ADFD18F1A}
	EndGlobalSection
EndGlobal
